// !$*UTF8*$!
{
	archiveVersion = 1;
	classes = {
	};
	objectVersion = 56;
	objects = {

/* Begin PBXBuildFile section */
		63CAEFB82945EE1000D9EFAB /* swifty_companionApp.swift in Sources */ = {isa = PBXBuildFile; fileRef = 63CAEFB72945EE1000D9EFAB /* swifty_companionApp.swift */; };
		63CAEFBA2945EE1000D9EFAB /* ContentView.swift in Sources */ = {isa = PBXBuildFile; fileRef = 63CAEFB92945EE1000D9EFAB /* ContentView.swift */; };
		63CAEFBC2945EE1200D9EFAB /* Assets.xcassets in Resources */ = {isa = PBXBuildFile; fileRef = 63CAEFBB2945EE1200D9EFAB /* Assets.xcassets */; };
		63CAEFBF2945EE1200D9EFAB /* Preview Assets.xcassets in Resources */ = {isa = PBXBuildFile; fileRef = 63CAEFBE2945EE1200D9EFAB /* Preview Assets.xcassets */; };
		63CAEFC92945EE1300D9EFAB /* swifty_companionTests.swift in Sources */ = {isa = PBXBuildFile; fileRef = 63CAEFC82945EE1300D9EFAB /* swifty_companionTests.swift */; };
		63CAEFD32945EE1300D9EFAB /* swifty_companionUITests.swift in Sources */ = {isa = PBXBuildFile; fileRef = 63CAEFD22945EE1300D9EFAB /* swifty_companionUITests.swift */; };
		63CAEFD52945EE1300D9EFAB /* swifty_companionUITestsLaunchTests.swift in Sources */ = {isa = PBXBuildFile; fileRef = 63CAEFD42945EE1300D9EFAB /* swifty_companionUITestsLaunchTests.swift */; };
		63CAEFE32945F54500D9EFAB /* SearchBar.swift in Sources */ = {isa = PBXBuildFile; fileRef = 63CAEFE22945F54500D9EFAB /* SearchBar.swift */; };
		63CAEFE52945FD8300D9EFAB /* ProfilePage.swift in Sources */ = {isa = PBXBuildFile; fileRef = 63CAEFE42945FD8300D9EFAB /* ProfilePage.swift */; };
		63DC385E29619FCB007DEA5D /* Types.swift in Sources */ = {isa = PBXBuildFile; fileRef = 63DC385D29619FCB007DEA5D /* Types.swift */; };
/* End PBXBuildFile section */

/* Begin PBXContainerItemProxy section */
		63CAEFC52945EE1300D9EFAB /* PBXContainerItemProxy */ = {
			isa = PBXContainerItemProxy;
			containerPortal = 63CAEFAC2945EE1000D9EFAB /* Project object */;
			proxyType = 1;
			remoteGlobalIDString = 63CAEFB32945EE1000D9EFAB;
			remoteInfo = "swifty-companion";
		};
		63CAEFCF2945EE1300D9EFAB /* PBXContainerItemProxy */ = {
			isa = PBXContainerItemProxy;
			containerPortal = 63CAEFAC2945EE1000D9EFAB /* Project object */;
			proxyType = 1;
			remoteGlobalIDString = 63CAEFB32945EE1000D9EFAB;
			remoteInfo = "swifty-companion";
		};
/* End PBXContainerItemProxy section */

/* Begin PBXFileReference section */
		63CAEFB42945EE1000D9EFAB /* swifty-companion.app */ = {isa = PBXFileReference; explicitFileType = wrapper.application; includeInIndex = 0; path = "swifty-companion.app"; sourceTree = BUILT_PRODUCTS_DIR; };
		63CAEFB72945EE1000D9EFAB /* swifty_companionApp.swift */ = {isa = PBXFileReference; lastKnownFileType = sourcecode.swift; path = swifty_companionApp.swift; sourceTree = "<group>"; };
		63CAEFB92945EE1000D9EFAB /* ContentView.swift */ = {isa = PBXFileReference; lastKnownFileType = sourcecode.swift; path = ContentView.swift; sourceTree = "<group>"; };
		63CAEFBB2945EE1200D9EFAB /* Assets.xcassets */ = {isa = PBXFileReference; lastKnownFileType = folder.assetcatalog; path = Assets.xcassets; sourceTree = "<group>"; };
		63CAEFBE2945EE1200D9EFAB /* Preview Assets.xcassets */ = {isa = PBXFileReference; lastKnownFileType = folder.assetcatalog; path = "Preview Assets.xcassets"; sourceTree = "<group>"; };
		63CAEFC42945EE1300D9EFAB /* swifty-companionTests.xctest */ = {isa = PBXFileReference; explicitFileType = wrapper.cfbundle; includeInIndex = 0; path = "swifty-companionTests.xctest"; sourceTree = BUILT_PRODUCTS_DIR; };
		63CAEFC82945EE1300D9EFAB /* swifty_companionTests.swift */ = {isa = PBXFileReference; lastKnownFileType = sourcecode.swift; path = swifty_companionTests.swift; sourceTree = "<group>"; };
		63CAEFCE2945EE1300D9EFAB /* swifty-companionUITests.xctest */ = {isa = PBXFileReference; explicitFileType = wrapper.cfbundle; includeInIndex = 0; path = "swifty-companionUITests.xctest"; sourceTree = BUILT_PRODUCTS_DIR; };
		63CAEFD22945EE1300D9EFAB /* swifty_companionUITests.swift */ = {isa = PBXFileReference; lastKnownFileType = sourcecode.swift; path = swifty_companionUITests.swift; sourceTree = "<group>"; };
		63CAEFD42945EE1300D9EFAB /* swifty_companionUITestsLaunchTests.swift */ = {isa = PBXFileReference; lastKnownFileType = sourcecode.swift; path = swifty_companionUITestsLaunchTests.swift; sourceTree = "<group>"; };
		63CAEFE22945F54500D9EFAB /* SearchBar.swift */ = {isa = PBXFileReference; lastKnownFileType = sourcecode.swift; path = SearchBar.swift; sourceTree = "<group>"; };
		63CAEFE42945FD8300D9EFAB /* ProfilePage.swift */ = {isa = PBXFileReference; lastKnownFileType = sourcecode.swift; path = ProfilePage.swift; sourceTree = "<group>"; };
		63DC385D29619FCB007DEA5D /* Types.swift */ = {isa = PBXFileReference; lastKnownFileType = sourcecode.swift; path = Types.swift; sourceTree = "<group>"; };
/* End PBXFileReference section */

/* Begin PBXFrameworksBuildPhase section */
		63CAEFB12945EE1000D9EFAB /* Frameworks */ = {
			isa = PBXFrameworksBuildPhase;
			buildActionMask = 2147483647;
			files = (
			);
			runOnlyForDeploymentPostprocessing = 0;
		};
		63CAEFC12945EE1300D9EFAB /* Frameworks */ = {
			isa = PBXFrameworksBuildPhase;
			buildActionMask = 2147483647;
			files = (
			);
			runOnlyForDeploymentPostprocessing = 0;
		};
		63CAEFCB2945EE1300D9EFAB /* Frameworks */ = {
			isa = PBXFrameworksBuildPhase;
			buildActionMask = 2147483647;
			files = (
			);
			runOnlyForDeploymentPostprocessing = 0;
		};
/* End PBXFrameworksBuildPhase section */

/* Begin PBXGroup section */
		63CAEFAB2945EE1000D9EFAB = {
			isa = PBXGroup;
			children = (
				63CAEFB62945EE1000D9EFAB /* swifty-companion */,
				63CAEFC72945EE1300D9EFAB /* swifty-companionTests */,
				63CAEFD12945EE1300D9EFAB /* swifty-companionUITests */,
				63CAEFB52945EE1000D9EFAB /* Products */,
			);
			sourceTree = "<group>";
		};
		63CAEFB52945EE1000D9EFAB /* Products */ = {
			isa = PBXGroup;
			children = (
				63CAEFB42945EE1000D9EFAB /* swifty-companion.app */,
				63CAEFC42945EE1300D9EFAB /* swifty-companionTests.xctest */,
				63CAEFCE2945EE1300D9EFAB /* swifty-companionUITests.xctest */,
			);
			name = Products;
			sourceTree = "<group>";
		};
		63CAEFB62945EE1000D9EFAB /* swifty-companion */ = {
			isa = PBXGroup;
			children = (
				63CAEFE22945F54500D9EFAB /* SearchBar.swift */,
				63CAEFB72945EE1000D9EFAB /* swifty_companionApp.swift */,
				63CAEFB92945EE1000D9EFAB /* ContentView.swift */,
				63CAEFE42945FD8300D9EFAB /* ProfilePage.swift */,
				63CAEFBB2945EE1200D9EFAB /* Assets.xcassets */,
				63CAEFBD2945EE1200D9EFAB /* Preview Content */,
				63DC385D29619FCB007DEA5D /* Types.swift */,
			);
			path = "swifty-companion";
			sourceTree = "<group>";
		};
		63CAEFBD2945EE1200D9EFAB /* Preview Content */ = {
			isa = PBXGroup;
			children = (
				63CAEFBE2945EE1200D9EFAB /* Preview Assets.xcassets */,
			);
			path = "Preview Content";
			sourceTree = "<group>";
		};
		63CAEFC72945EE1300D9EFAB /* swifty-companionTests */ = {
			isa = PBXGroup;
			children = (
				63CAEFC82945EE1300D9EFAB /* swifty_companionTests.swift */,
			);
			path = "swifty-companionTests";
			sourceTree = "<group>";
		};
		63CAEFD12945EE1300D9EFAB /* swifty-companionUITests */ = {
			isa = PBXGroup;
			children = (
				63CAEFD22945EE1300D9EFAB /* swifty_companionUITests.swift */,
				63CAEFD42945EE1300D9EFAB /* swifty_companionUITestsLaunchTests.swift */,
			);
			path = "swifty-companionUITests";
			sourceTree = "<group>";
		};
/* End PBXGroup section */

/* Begin PBXNativeTarget section */
		63CAEFB32945EE1000D9EFAB /* swifty-companion */ = {
			isa = PBXNativeTarget;
			buildConfigurationList = 63CAEFD82945EE1300D9EFAB /* Build configuration list for PBXNativeTarget "swifty-companion" */;
			buildPhases = (
				63CAEFB02945EE1000D9EFAB /* Sources */,
				63CAEFB12945EE1000D9EFAB /* Frameworks */,
				63CAEFB22945EE1000D9EFAB /* Resources */,
			);
			buildRules = (
			);
			dependencies = (
			);
			name = "swifty-companion";
			productName = "swifty-companion";
			productReference = 63CAEFB42945EE1000D9EFAB /* swifty-companion.app */;
			productType = "com.apple.product-type.application";
		};
		63CAEFC32945EE1300D9EFAB /* swifty-companionTests */ = {
			isa = PBXNativeTarget;
			buildConfigurationList = 63CAEFDB2945EE1300D9EFAB /* Build configuration list for PBXNativeTarget "swifty-companionTests" */;
			buildPhases = (
				63CAEFC02945EE1300D9EFAB /* Sources */,
				63CAEFC12945EE1300D9EFAB /* Frameworks */,
				63CAEFC22945EE1300D9EFAB /* Resources */,
			);
			buildRules = (
			);
			dependencies = (
				63CAEFC62945EE1300D9EFAB /* PBXTargetDependency */,
			);
			name = "swifty-companionTests";
			productName = "swifty-companionTests";
			productReference = 63CAEFC42945EE1300D9EFAB /* swifty-companionTests.xctest */;
			productType = "com.apple.product-type.bundle.unit-test";
		};
		63CAEFCD2945EE1300D9EFAB /* swifty-companionUITests */ = {
			isa = PBXNativeTarget;
			buildConfigurationList = 63CAEFDE2945EE1300D9EFAB /* Build configuration list for PBXNativeTarget "swifty-companionUITests" */;
			buildPhases = (
				63CAEFCA2945EE1300D9EFAB /* Sources */,
				63CAEFCB2945EE1300D9EFAB /* Frameworks */,
				63CAEFCC2945EE1300D9EFAB /* Resources */,
			);
			buildRules = (
			);
			dependencies = (
				63CAEFD02945EE1300D9EFAB /* PBXTargetDependency */,
			);
			name = "swifty-companionUITests";
			productName = "swifty-companionUITests";
			productReference = 63CAEFCE2945EE1300D9EFAB /* swifty-companionUITests.xctest */;
			productType = "com.apple.product-type.bundle.ui-testing";
		};
/* End PBXNativeTarget section */

/* Begin PBXProject section */
		63CAEFAC2945EE1000D9EFAB /* Project object */ = {
			isa = PBXProject;
			attributes = {
				BuildIndependentTargetsInParallel = 1;
				LastSwiftUpdateCheck = 1410;
				LastUpgradeCheck = 1410;
				TargetAttributes = {
					63CAEFB32945EE1000D9EFAB = {
						CreatedOnToolsVersion = 14.1;
					};
					63CAEFC32945EE1300D9EFAB = {
						CreatedOnToolsVersion = 14.1;
						TestTargetID = 63CAEFB32945EE1000D9EFAB;
					};
					63CAEFCD2945EE1300D9EFAB = {
						CreatedOnToolsVersion = 14.1;
						TestTargetID = 63CAEFB32945EE1000D9EFAB;
					};
				};
			};
			buildConfigurationList = 63CAEFAF2945EE1000D9EFAB /* Build configuration list for PBXProject "swifty-companion" */;
			compatibilityVersion = "Xcode 14.0";
			developmentRegion = en;
			hasScannedForEncodings = 0;
			knownRegions = (
				en,
				Base,
			);
			mainGroup = 63CAEFAB2945EE1000D9EFAB;
			productRefGroup = 63CAEFB52945EE1000D9EFAB /* Products */;
			projectDirPath = "";
			projectRoot = "";
			targets = (
				63CAEFB32945EE1000D9EFAB /* swifty-companion */,
				63CAEFC32945EE1300D9EFAB /* swifty-companionTests */,
				63CAEFCD2945EE1300D9EFAB /* swifty-companionUITests */,
			);
		};
/* End PBXProject section */

/* Begin PBXResourcesBuildPhase section */
		63CAEFB22945EE1000D9EFAB /* Resources */ = {
			isa = PBXResourcesBuildPhase;
			buildActionMask = 2147483647;
			files = (
				63CAEFBF2945EE1200D9EFAB /* Preview Assets.xcassets in Resources */,
				63CAEFBC2945EE1200D9EFAB /* Assets.xcassets in Resources */,
			);
			runOnlyForDeploymentPostprocessing = 0;
		};
		63CAEFC22945EE1300D9EFAB /* Resources */ = {
			isa = PBXResourcesBuildPhase;
			buildActionMask = 2147483647;
			files = (
			);
			runOnlyForDeploymentPostprocessing = 0;
		};
		63CAEFCC2945EE1300D9EFAB /* Resources */ = {
			isa = PBXResourcesBuildPhase;
			buildActionMask = 2147483647;
			files = (
			);
			runOnlyForDeploymentPostprocessing = 0;
		};
/* End PBXResourcesBuildPhase section */

/* Begin PBXSourcesBuildPhase section */
		63CAEFB02945EE1000D9EFAB /* Sources */ = {
			isa = PBXSourcesBuildPhase;
			buildActionMask = 2147483647;
			files = (
				63CAEFBA2945EE1000D9EFAB /* ContentView.swift in Sources */,
				63CAEFB82945EE1000D9EFAB /* swifty_companionApp.swift in Sources */,
				63CAEFE52945FD8300D9EFAB /* ProfilePage.swift in Sources */,
				63DC385E29619FCB007DEA5D /* Types.swift in Sources */,
				63CAEFE32945F54500D9EFAB /* SearchBar.swift in Sources */,
			);
			runOnlyForDeploymentPostprocessing = 0;
		};
		63CAEFC02945EE1300D9EFAB /* Sources */ = {
			isa = PBXSourcesBuildPhase;
			buildActionMask = 2147483647;
			files = (
				63CAEFC92945EE1300D9EFAB /* swifty_companionTests.swift in Sources */,
			);
			runOnlyForDeploymentPostprocessing = 0;
		};
		63CAEFCA2945EE1300D9EFAB /* Sources */ = {
			isa = PBXSourcesBuildPhase;
			buildActionMask = 2147483647;
			files = (
				63CAEFD32945EE1300D9EFAB /* swifty_companionUITests.swift in Sources */,
				63CAEFD52945EE1300D9EFAB /* swifty_companionUITestsLaunchTests.swift in Sources */,
			);
			runOnlyForDeploymentPostprocessing = 0;
		};
/* End PBXSourcesBuildPhase section */

/* Begin PBXTargetDependency section */
		63CAEFC62945EE1300D9EFAB /* PBXTargetDependency */ = {
			isa = PBXTargetDependency;
			target = 63CAEFB32945EE1000D9EFAB /* swifty-companion */;
			targetProxy = 63CAEFC52945EE1300D9EFAB /* PBXContainerItemProxy */;
		};
		63CAEFD02945EE1300D9EFAB /* PBXTargetDependency */ = {
			isa = PBXTargetDependency;
			target = 63CAEFB32945EE1000D9EFAB /* swifty-companion */;
			targetProxy = 63CAEFCF2945EE1300D9EFAB /* PBXContainerItemProxy */;
		};
/* End PBXTargetDependency section */

/* Begin XCBuildConfiguration section */
		63CAEFD62945EE1300D9EFAB /* Debug */ = {
			isa = XCBuildConfiguration;
			buildSettings = {
				ALWAYS_SEARCH_USER_PATHS = NO;
				CLANG_ANALYZER_NONNULL = YES;
				CLANG_ANALYZER_NUMBER_OBJECT_CONVERSION = YES_AGGRESSIVE;
				CLANG_CXX_LANGUAGE_STANDARD = "gnu++20";
				CLANG_ENABLE_MODULES = YES;
				CLANG_ENABLE_OBJC_ARC = YES;
				CLANG_ENABLE_OBJC_WEAK = YES;
				CLANG_WARN_BLOCK_CAPTURE_AUTORELEASING = YES;
				CLANG_WARN_BOOL_CONVERSION = YES;
				CLANG_WARN_COMMA = YES;
				CLANG_WARN_CONSTANT_CONVERSION = YES;
				CLANG_WARN_DEPRECATED_OBJC_IMPLEMENTATIONS = YES;
				CLANG_WARN_DIRECT_OBJC_ISA_USAGE = YES_ERROR;
				CLANG_WARN_DOCUMENTATION_COMMENTS = YES;
				CLANG_WARN_EMPTY_BODY = YES;
				CLANG_WARN_ENUM_CONVERSION = YES;
				CLANG_WARN_INFINITE_RECURSION = YES;
				CLANG_WARN_INT_CONVERSION = YES;
				CLANG_WARN_NON_LITERAL_NULL_CONVERSION = YES;
				CLANG_WARN_OBJC_IMPLICIT_RETAIN_SELF = YES;
				CLANG_WARN_OBJC_LITERAL_CONVERSION = YES;
				CLANG_WARN_OBJC_ROOT_CLASS = YES_ERROR;
				CLANG_WARN_QUOTED_INCLUDE_IN_FRAMEWORK_HEADER = YES;
				CLANG_WARN_RANGE_LOOP_ANALYSIS = YES;
				CLANG_WARN_STRICT_PROTOTYPES = YES;
				CLANG_WARN_SUSPICIOUS_MOVE = YES;
				CLANG_WARN_UNGUARDED_AVAILABILITY = YES_AGGRESSIVE;
				CLANG_WARN_UNREACHABLE_CODE = YES;
				CLANG_WARN__DUPLICATE_METHOD_MATCH = YES;
				COPY_PHASE_STRIP = NO;
				DEBUG_INFORMATION_FORMAT = dwarf;
				ENABLE_STRICT_OBJC_MSGSEND = YES;
				ENABLE_TESTABILITY = YES;
				GCC_C_LANGUAGE_STANDARD = gnu11;
				GCC_DYNAMIC_NO_PIC = NO;
				GCC_NO_COMMON_BLOCKS = YES;
				GCC_OPTIMIZATION_LEVEL = 0;
				GCC_PREPROCESSOR_DEFINITIONS = (
					"DEBUG=1",
					"$(inherited)",
				);
				GCC_WARN_64_TO_32_BIT_CONVERSION = YES;
				GCC_WARN_ABOUT_RETURN_TYPE = YES_ERROR;
				GCC_WARN_UNDECLARED_SELECTOR = YES;
				GCC_WARN_UNINITIALIZED_AUTOS = YES_AGGRESSIVE;
				GCC_WARN_UNUSED_FUNCTION = YES;
				GCC_WARN_UNUSED_VARIABLE = YES;
				IPHONEOS_DEPLOYMENT_TARGET = 16.1;
				MTL_ENABLE_DEBUG_INFO = INCLUDE_SOURCE;
				MTL_FAST_MATH = YES;
				ONLY_ACTIVE_ARCH = YES;
				SDKROOT = iphoneos;
				SWIFT_ACTIVE_COMPILATION_CONDITIONS = DEBUG;
				SWIFT_OPTIMIZATION_LEVEL = "-Onone";
			};
			name = Debug;
		};
		63CAEFD72945EE1300D9EFAB /* Release */ = {
			isa = XCBuildConfiguration;
			buildSettings = {
				ALWAYS_SEARCH_USER_PATHS = NO;
				CLANG_ANALYZER_NONNULL = YES;
				CLANG_ANALYZER_NUMBER_OBJECT_CONVERSION = YES_AGGRESSIVE;
				CLANG_CXX_LANGUAGE_STANDARD = "gnu++20";
				CLANG_ENABLE_MODULES = YES;
				CLANG_ENABLE_OBJC_ARC = YES;
				CLANG_ENABLE_OBJC_WEAK = YES;
				CLANG_WARN_BLOCK_CAPTURE_AUTORELEASING = YES;
				CLANG_WARN_BOOL_CONVERSION = YES;
				CLANG_WARN_COMMA = YES;
				CLANG_WARN_CONSTANT_CONVERSION = YES;
				CLANG_WARN_DEPRECATED_OBJC_IMPLEMENTATIONS = YES;
				CLANG_WARN_DIRECT_OBJC_ISA_USAGE = YES_ERROR;
				CLANG_WARN_DOCUMENTATION_COMMENTS = YES;
				CLANG_WARN_EMPTY_BODY = YES;
				CLANG_WARN_ENUM_CONVERSION = YES;
				CLANG_WARN_INFINITE_RECURSION = YES;
				CLANG_WARN_INT_CONVERSION = YES;
				CLANG_WARN_NON_LITERAL_NULL_CONVERSION = YES;
				CLANG_WARN_OBJC_IMPLICIT_RETAIN_SELF = YES;
				CLANG_WARN_OBJC_LITERAL_CONVERSION = YES;
				CLANG_WARN_OBJC_ROOT_CLASS = YES_ERROR;
				CLANG_WARN_QUOTED_INCLUDE_IN_FRAMEWORK_HEADER = YES;
				CLANG_WARN_RANGE_LOOP_ANALYSIS = YES;
				CLANG_WARN_STRICT_PROTOTYPES = YES;
				CLANG_WARN_SUSPICIOUS_MOVE = YES;
				CLANG_WARN_UNGUARDED_AVAILABILITY = YES_AGGRESSIVE;
				CLANG_WARN_UNREACHABLE_CODE = YES;
				CLANG_WARN__DUPLICATE_METHOD_MATCH = YES;
				COPY_PHASE_STRIP = NO;
				DEBUG_INFORMATION_FORMAT = "dwarf-with-dsym";
				ENABLE_NS_ASSERTIONS = NO;
				ENABLE_STRICT_OBJC_MSGSEND = YES;
				GCC_C_LANGUAGE_STANDARD = gnu11;
				GCC_NO_COMMON_BLOCKS = YES;
				GCC_WARN_64_TO_32_BIT_CONVERSION = YES;
				GCC_WARN_ABOUT_RETURN_TYPE = YES_ERROR;
				GCC_WARN_UNDECLARED_SELECTOR = YES;
				GCC_WARN_UNINITIALIZED_AUTOS = YES_AGGRESSIVE;
				GCC_WARN_UNUSED_FUNCTION = YES;
				GCC_WARN_UNUSED_VARIABLE = YES;
				IPHONEOS_DEPLOYMENT_TARGET = 16.1;
				MTL_ENABLE_DEBUG_INFO = NO;
				MTL_FAST_MATH = YES;
				SDKROOT = iphoneos;
				SWIFT_COMPILATION_MODE = wholemodule;
				SWIFT_OPTIMIZATION_LEVEL = "-O";
				VALIDATE_PRODUCT = YES;
			};
			name = Release;
		};
		63CAEFD92945EE1300D9EFAB /* Debug */ = {
			isa = XCBuildConfiguration;
			buildSettings = {
				ASSETCATALOG_COMPILER_APPICON_NAME = AppIcon;
				ASSETCATALOG_COMPILER_GLOBAL_ACCENT_COLOR_NAME = AccentColor;
				CODE_SIGN_STYLE = Automatic;
				CURRENT_PROJECT_VERSION = 1;
				DEVELOPMENT_ASSET_PATHS = "\"swifty-companion/Preview Content\"";
				ENABLE_PREVIEWS = YES;
				GENERATE_INFOPLIST_FILE = YES;
				INFOPLIST_KEY_UIApplicationSceneManifest_Generation = YES;
				INFOPLIST_KEY_UIApplicationSupportsIndirectInputEvents = YES;
				INFOPLIST_KEY_UILaunchScreen_Generation = YES;
				INFOPLIST_KEY_UISupportedInterfaceOrientations_iPad = "UIInterfaceOrientationPortrait UIInterfaceOrientationPortraitUpsideDown UIInterfaceOrientationLandscapeLeft UIInterfaceOrientationLandscapeRight";
				INFOPLIST_KEY_UISupportedInterfaceOrientations_iPhone = "UIInterfaceOrientationPortrait UIInterfaceOrientationLandscapeLeft UIInterfaceOrientationLandscapeRight";
				LD_RUNPATH_SEARCH_PATHS = (
					"$(inherited)",
					"@executable_path/Frameworks",
				);
				MARKETING_VERSION = 1.0;
				PRODUCT_BUNDLE_IDENTIFIER = "Kyllian.swifty-companion";
				PRODUCT_NAME = "$(TARGET_NAME)";
				SWIFT_EMIT_LOC_STRINGS = YES;
				SWIFT_VERSION = 5.0;
				TARGETED_DEVICE_FAMILY = "1,2";
			};
			name = Debug;
		};
		63CAEFDA2945EE1300D9EFAB /* Release */ = {
			isa = XCBuildConfiguration;
			buildSettings = {
				ASSETCATALOG_COMPILER_APPICON_NAME = AppIcon;
				ASSETCATALOG_COMPILER_GLOBAL_ACCENT_COLOR_NAME = AccentColor;
				CODE_SIGN_STYLE = Automatic;
				CURRENT_PROJECT_VERSION = 1;
				DEVELOPMENT_ASSET_PATHS = "\"swifty-companion/Preview Content\"";
				ENABLE_PREVIEWS = YES;
				GENERATE_INFOPLIST_FILE = YES;
				INFOPLIST_KEY_UIApplicationSceneManifest_Generation = YES;
				INFOPLIST_KEY_UIApplicationSupportsIndirectInputEvents = YES;
				INFOPLIST_KEY_UILaunchScreen_Generation = YES;
				INFOPLIST_KEY_UISupportedInterfaceOrientations_iPad = "UIInterfaceOrientationPortrait UIInterfaceOrientationPortraitUpsideDown UIInterfaceOrientationLandscapeLeft UIInterfaceOrientationLandscapeRight";
				INFOPLIST_KEY_UISupportedInterfaceOrientations_iPhone = "UIInterfaceOrientationPortrait UIInterfaceOrientationLandscapeLeft UIInterfaceOrientationLandscapeRight";
				LD_RUNPATH_SEARCH_PATHS = (
					"$(inherited)",
					"@executable_path/Frameworks",
				);
				MARKETING_VERSION = 1.0;
				PRODUCT_BUNDLE_IDENTIFIER = "Kyllian.swifty-companion";
				PRODUCT_NAME = "$(TARGET_NAME)";
				SWIFT_EMIT_LOC_STRINGS = YES;
				SWIFT_VERSION = 5.0;
				TARGETED_DEVICE_FAMILY = "1,2";
			};
			name = Release;
		};
		63CAEFDC2945EE1300D9EFAB /* Debug */ = {
			isa = XCBuildConfiguration;
			buildSettings = {
				ALWAYS_EMBED_SWIFT_STANDARD_LIBRARIES = YES;
				BUNDLE_LOADER = "$(TEST_HOST)";
				CODE_SIGN_STYLE = Automatic;
				CURRENT_PROJECT_VERSION = 1;
				GENERATE_INFOPLIST_FILE = YES;
				IPHONEOS_DEPLOYMENT_TARGET = 16.1;
				MARKETING_VERSION = 1.0;
				PRODUCT_BUNDLE_IDENTIFIER = "Kyllian.swifty-companionTests";
				PRODUCT_NAME = "$(TARGET_NAME)";
				SWIFT_EMIT_LOC_STRINGS = NO;
				SWIFT_VERSION = 5.0;
				TARGETED_DEVICE_FAMILY = "1,2";
				TEST_HOST = "$(BUILT_PRODUCTS_DIR)/swifty-companion.app/$(BUNDLE_EXECUTABLE_FOLDER_PATH)/swifty-companion";
			};
			name = Debug;
		};
		63CAEFDD2945EE1300D9EFAB /* Release */ = {
			isa = XCBuildConfiguration;
			buildSettings = {
				ALWAYS_EMBED_SWIFT_STANDARD_LIBRARIES = YES;
				BUNDLE_LOADER = "$(TEST_HOST)";
				CODE_SIGN_STYLE = Automatic;
				CURRENT_PROJECT_VERSION = 1;
				GENERATE_INFOPLIST_FILE = YES;
				IPHONEOS_DEPLOYMENT_TARGET = 16.1;
				MARKETING_VERSION = 1.0;
				PRODUCT_BUNDLE_IDENTIFIER = "Kyllian.swifty-companionTests";
				PRODUCT_NAME = "$(TARGET_NAME)";
				SWIFT_EMIT_LOC_STRINGS = NO;
				SWIFT_VERSION = 5.0;
				TARGETED_DEVICE_FAMILY = "1,2";
				TEST_HOST = "$(BUILT_PRODUCTS_DIR)/swifty-companion.app/$(BUNDLE_EXECUTABLE_FOLDER_PATH)/swifty-companion";
			};
			name = Release;
		};
		63CAEFDF2945EE1300D9EFAB /* Debug */ = {
			isa = XCBuildConfiguration;
			buildSettings = {
				ALWAYS_EMBED_SWIFT_STANDARD_LIBRARIES = YES;
				CODE_SIGN_STYLE = Automatic;
				CURRENT_PROJECT_VERSION = 1;
				GENERATE_INFOPLIST_FILE = YES;
				MARKETING_VERSION = 1.0;
				PRODUCT_BUNDLE_IDENTIFIER = "Kyllian.swifty-companionUITests";
				PRODUCT_NAME = "$(TARGET_NAME)";
				SWIFT_EMIT_LOC_STRINGS = NO;
				SWIFT_VERSION = 5.0;
				TARGETED_DEVICE_FAMILY = "1,2";
				TEST_TARGET_NAME = "swifty-companion";
			};
			name = Debug;
		};
		63CAEFE02945EE1300D9EFAB /* Release */ = {
			isa = XCBuildConfiguration;
			buildSettings = {
				ALWAYS_EMBED_SWIFT_STANDARD_LIBRARIES = YES;
				CODE_SIGN_STYLE = Automatic;
				CURRENT_PROJECT_VERSION = 1;
				GENERATE_INFOPLIST_FILE = YES;
				MARKETING_VERSION = 1.0;
				PRODUCT_BUNDLE_IDENTIFIER = "Kyllian.swifty-companionUITests";
				PRODUCT_NAME = "$(TARGET_NAME)";
				SWIFT_EMIT_LOC_STRINGS = NO;
				SWIFT_VERSION = 5.0;
				TARGETED_DEVICE_FAMILY = "1,2";
				TEST_TARGET_NAME = "swifty-companion";
			};
			name = Release;
		};
/* End XCBuildConfiguration section */

/* Begin XCConfigurationList section */
		63CAEFAF2945EE1000D9EFAB /* Build configuration list for PBXProject "swifty-companion" */ = {
			isa = XCConfigurationList;
			buildConfigurations = (
				63CAEFD62945EE1300D9EFAB /* Debug */,
				63CAEFD72945EE1300D9EFAB /* Release */,
			);
			defaultConfigurationIsVisible = 0;
			defaultConfigurationName = Release;
		};
		63CAEFD82945EE1300D9EFAB /* Build configuration list for PBXNativeTarget "swifty-companion" */ = {
			isa = XCConfigurationList;
			buildConfigurations = (
				63CAEFD92945EE1300D9EFAB /* Debug */,
				63CAEFDA2945EE1300D9EFAB /* Release */,
			);
			defaultConfigurationIsVisible = 0;
			defaultConfigurationName = Release;
		};
		63CAEFDB2945EE1300D9EFAB /* Build configuration list for PBXNativeTarget "swifty-companionTests" */ = {
			isa = XCConfigurationList;
			buildConfigurations = (
				63CAEFDC2945EE1300D9EFAB /* Debug */,
				63CAEFDD2945EE1300D9EFAB /* Release */,
			);
			defaultConfigurationIsVisible = 0;
			defaultConfigurationName = Release;
		};
		63CAEFDE2945EE1300D9EFAB /* Build configuration list for PBXNativeTarget "swifty-companionUITests" */ = {
			isa = XCConfigurationList;
			buildConfigurations = (
				63CAEFDF2945EE1300D9EFAB /* Debug */,
				63CAEFE02945EE1300D9EFAB /* Release */,
			);
			defaultConfigurationIsVisible = 0;
			defaultConfigurationName = Release;
		};
/* End XCConfigurationList section */
	};
	rootObject = 63CAEFAC2945EE1000D9EFAB /* Project object */;
}
